
Microsoft Visual Studio Solution File, Format Version 12.00
# Visual Studio Version 17
VisualStudioVersion = 17.5.33424.131
MinimumVisualStudioVersion = 10.0.40219.1
Project("{FAE04EC0-301F-11D3-BF4B-00C04F79EFBC}") = "ClienteApiOAuth", "ClienteApiOAuth\ClienteApiOAuth.csproj", "{9FC34811-EBD2-425E-997F-3F322F9F16ED}"
EndProject
Global
	GlobalSection(SolutionConfigurationPlatforms) = preSolution
		Debug|Any CPU = Debug|Any CPU
		Release|Any CPU = Release|Any CPU
	EndGlobalSection
	GlobalSection(ProjectConfigurationPlatforms) = postSolution
		{9FC34811-EBD2-425E-997F-3F322F9F16ED}.Debug|Any CPU.ActiveCfg = Debug|Any CPU
		{9FC34811-EBD2-425E-997F-3F322F9F16ED}.Debug|Any CPU.Build.0 = Debug|Any CPU
		{9FC34811-EBD2-425E-997F-3F322F9F16ED}.Release|Any CPU.ActiveCfg = Release|Any CPU
		{9FC34811-EBD2-425E-997F-3F322F9F16ED}.Release|Any CPU.Build.0 = Release|Any CPU
	EndGlobalSection
	GlobalSection(SolutionProperties) = preSolution
		HideSolutionNode = FALSE
	EndGlobalSection
	GlobalSection(ExtensibilityGlobals) = postSolution
		SolutionGuid = {E59C0685-0672-481F-8878-CD3C3D0BD0C4}
	EndGlobalSection
EndGlobal
